
Microsoft Visual Studio Solution File, Format Version 12.00
# Visual Studio Version 16
VisualStudioVersion = 16.0.31321.278
MinimumVisualStudioVersion = 10.0.40219.1
Project("{FAE04EC0-301F-11D3-BF4B-00C04F79EFBC}") = "simple_key_system", "simple_key_system\simple_key_system.csproj", "{16010E1B-2612-4CFB-8D1A-4E7D165DDE81}"
EndProject
Global
	GlobalSection(SolutionConfigurationPlatforms) = preSolution
		Debug|Any CPU = Debug|Any CPU
		Release|Any CPU = Release|Any CPU
	EndGlobalSection
	GlobalSection(ProjectConfigurationPlatforms) = postSolution
		{16010E1B-2612-4CFB-8D1A-4E7D165DDE81}.Debug|Any CPU.ActiveCfg = Debug|Any CPU
		{16010E1B-2612-4CFB-8D1A-4E7D165DDE81}.Debug|Any CPU.Build.0 = Debug|Any CPU
		{16010E1B-2612-4CFB-8D1A-4E7D165DDE81}.Release|Any CPU.ActiveCfg = Release|Any CPU
		{16010E1B-2612-4CFB-8D1A-4E7D165DDE81}.Release|Any CPU.Build.0 = Release|Any CPU
	EndGlobalSection
	GlobalSection(SolutionProperties) = preSolution
		HideSolutionNode = FALSE
	EndGlobalSection
	GlobalSection(ExtensibilityGlobals) = postSolution
		SolutionGuid = {23B29B78-680B-40BF-AAC0-DB1E3D370EB3}
	EndGlobalSection
EndGlobal
